
Microsoft Visual Studio Solution File, Format Version 12.00
# Visual Studio Version 17
VisualStudioVersion = 17.14.36811.4 d17.14
MinimumVisualStudioVersion = 10.0.40219.1
Project("{FAE04EC0-301F-11D3-BF4B-00C04F79EFBC}") = "QuanLyNhanVien", "QuanLyNhanVien\QuanLyNhanVien.csproj", "{0D787049-A505-45A9-A1AC-75743DA99996}"
EndProject
Global
	GlobalSection(SolutionConfigurationPlatforms) = preSolution
		Debug|Any CPU = Debug|Any CPU
		Release|Any CPU = Release|Any CPU
	EndGlobalSection
	GlobalSection(ProjectConfigurationPlatforms) = postSolution
		{0D787049-A505-45A9-A1AC-75743DA99996}.Debug|Any CPU.ActiveCfg = Debug|Any CPU
		{0D787049-A505-45A9-A1AC-75743DA99996}.Debug|Any CPU.Build.0 = Debug|Any CPU
		{0D787049-A505-45A9-A1AC-75743DA99996}.Release|Any CPU.ActiveCfg = Release|Any CPU
		{0D787049-A505-45A9-A1AC-75743DA99996}.Release|Any CPU.Build.0 = Release|Any CPU
	EndGlobalSection
	GlobalSection(SolutionProperties) = preSolution
		HideSolutionNode = FALSE
	EndGlobalSection
	GlobalSection(ExtensibilityGlobals) = postSolution
		SolutionGuid = {0B314101-9805-4037-9299-D306FB41C08A}
	EndGlobalSection
EndGlobal
